{
  "name": "rope-editor",
  "version": "1.0.0",
  "lockfileVersion": 2,
  "requires": true,
  "packages": {
    "": {
      "name": "rope-editor",
      "version": "1.0.0",
      "license": "MIT",
      "dependencies": {
        "jquery-connections": "^1.0.1"
      }
    },
    "node_modules/jquery-connections": {
      "version": "1.0.1",
      "resolved": "https://registry.npmjs.org/jquery-connections/-/jquery-connections-1.0.1.tgz",
      "integrity": "sha512-E1UvkxVIECfXY71fdzOVARtRDVNTKK5LmJ+WFBVIzQDDQYaa6VdJ1rMjI0t8Xm+p7qiEM7mZj45zv+2f6ePhaw=="
    }
  },
  "dependencies": {
    "jquery-connections": {
      "version": "1.0.1",
      "resolved": "https://registry.npmjs.org/jquery-connections/-/jquery-connections-1.0.1.tgz",
      "integrity": "sha512-E1UvkxVIECfXY71fdzOVARtRDVNTKK5LmJ+WFBVIzQDDQYaa6VdJ1rMjI0t8Xm+p7qiEM7mZj45zv+2f6ePhaw=="
    }
  }
}
